{
  "originHash" : "6b754c6222aca5cc16aa23559e6dc69c88bf295e84e5734bf07c3cb2efa1a9db",
  "pins" : [
    {
      "identity" : "lambdaspire-swift-abstractions",
      "kind" : "remoteSourceControl",
      "location" : "https://github.com/Lambdaspire/Lambdaspire-Swift-Abstractions",
      "state" : {
        "revision" : "b5d8bf41df8ea16866f6a5e9a015cca259b87fc9",
        "version" : "2.0.0"
      }
    },
    {
      "identity" : "lambdaspire-swift-dependencyresolution",
      "kind" : "remoteSourceControl",
      "location" : "https://github.com/Lambdaspire/Lambdaspire-Swift-DependencyResolution",
      "state" : {
        "revision" : "fa0b3f338ebd8ed6b3152d88c144978a8dead823",
        "version" : "2.0.0"
      }
    },
    {
      "identity" : "lambdaspire-swift-logging",
      "kind" : "remoteSourceControl",
      "location" : "https://github.com/Lambdaspire/Lambdaspire-Swift-Logging",
      "state" : {
        "revision" : "428cc351f8be6e878d78baea8b5174b9f3dc7b7a",
        "version" : "2.0.0"
      }
    },
    {
      "identity" : "swift-syntax",
      "kind" : "remoteSourceControl",
      "location" : "https://github.com/apple/swift-syntax.git",
      "state" : {
        "revision" : "64889f0c732f210a935a0ad7cda38f77f876262d",
        "version" : "509.1.1"
      }
    },
    {
      "identity" : "swiftnotifications",
      "kind" : "remoteSourceControl",
      "location" : "https://github.com/Lambdaspire/SwiftNotifications",
      "state" : {
        "revision" : "49357ac64d4bc291773e11ab96ccd22ebf2bb439",
        "version" : "2.0.0"
      }
    }
  ],
  "version" : 3
}
